{
    "version": 3,
    "terraform_version": "0.11.13",
    "serial": 15,
    "lineage": "94f81b8c-49e3-21ba-8d59-36b78665adb9",
    "modules": [
        {
            "path": [
                "root"
            ],
            "outputs": {},
            "resources": {
                "aws_default_network_acl.dev_default": {
                    "type": "aws_default_network_acl",
                    "depends_on": [
                        "aws_subnet.private_1a",
                        "aws_subnet.private_1c",
                        "aws_subnet.public_1a",
                        "aws_subnet.public_1c",
                        "aws_vpc.dev"
                    ],
                    "primary": {
                        "id": "acl-0ea25b271850b4297",
                        "attributes": {
                            "default_network_acl_id": "acl-0ea25b271850b4297",
                            "egress.#": "1",
                            "egress.1401401844.action": "allow",
                            "egress.1401401844.cidr_block": "0.0.0.0/0",
                            "egress.1401401844.from_port": "0",
                            "egress.1401401844.icmp_code": "0",
                            "egress.1401401844.icmp_type": "0",
                            "egress.1401401844.ipv6_cidr_block": "",
                            "egress.1401401844.protocol": "-1",
                            "egress.1401401844.rule_no": "100",
                            "egress.1401401844.to_port": "0",
                            "id": "acl-0ea25b271850b4297",
                            "ingress.#": "1",
                            "ingress.1401401844.action": "allow",
                            "ingress.1401401844.cidr_block": "0.0.0.0/0",
                            "ingress.1401401844.from_port": "0",
                            "ingress.1401401844.icmp_code": "0",
                            "ingress.1401401844.icmp_type": "0",
                            "ingress.1401401844.ipv6_cidr_block": "",
                            "ingress.1401401844.protocol": "-1",
                            "ingress.1401401844.rule_no": "100",
                            "ingress.1401401844.to_port": "0",
                            "owner_id": "715652651898",
                            "subnet_ids.#": "4",
                            "subnet_ids.1546991858": "subnet-00599a05fa8348e61",
                            "subnet_ids.2764477292": "subnet-0df842b5575d94d16",
                            "subnet_ids.3601815749": "subnet-096e4bb023a3c723f",
                            "subnet_ids.3999596876": "subnet-03d0dc13f23cf7a0b",
                            "tags.%": "1",
                            "tags.Name": "dev-default",
                            "vpc_id": "vpc-03ec9d3c1cf67d8dc"
                        },
                        "meta": {},
                        "tainted": false
                    },
                    "deposed": [],
                    "provider": "provider.aws"
                },
                "aws_default_security_group.dev_default": {
                    "type": "aws_default_security_group",
                    "depends_on": [
                        "aws_vpc.dev"
                    ],
                    "primary": {
                        "id": "sg-005b21a38383bfb1f",
                        "attributes": {
                            "arn": "arn:aws:ec2:ap-northeast-1:715652651898:security-group/sg-005b21a38383bfb1f",
                            "egress.#": "1",
                            "egress.482069346.cidr_blocks.#": "1",
                            "egress.482069346.cidr_blocks.0": "0.0.0.0/0",
                            "egress.482069346.description": "",
                            "egress.482069346.from_port": "0",
                            "egress.482069346.ipv6_cidr_blocks.#": "0",
                            "egress.482069346.prefix_list_ids.#": "0",
                            "egress.482069346.protocol": "-1",
                            "egress.482069346.security_groups.#": "0",
                            "egress.482069346.self": "false",
                            "egress.482069346.to_port": "0",
                            "id": "sg-005b21a38383bfb1f",
                            "ingress.#": "1",
                            "ingress.753360330.cidr_blocks.#": "0",
                            "ingress.753360330.description": "",
                            "ingress.753360330.from_port": "0",
                            "ingress.753360330.ipv6_cidr_blocks.#": "0",
                            "ingress.753360330.prefix_list_ids.#": "0",
                            "ingress.753360330.protocol": "-1",
                            "ingress.753360330.security_groups.#": "0",
                            "ingress.753360330.self": "true",
                            "ingress.753360330.to_port": "0",
                            "name": "default",
                            "owner_id": "715652651898",
                            "revoke_rules_on_delete": "false",
                            "tags.%": "1",
                            "tags.Name": "dev-default",
                            "vpc_id": "vpc-03ec9d3c1cf67d8dc"
                        },
                        "meta": {
                            "e2bfb730-ecaa-11e6-8f88-34363bc7c4c0": {
                                "create": 600000000000,
                                "delete": 600000000000
                            },
                            "schema_version": "1"
                        },
                        "tainted": false
                    },
                    "deposed": [],
                    "provider": "provider.aws"
                },
                "aws_eip.bastion_1a": {
                    "type": "aws_eip",
                    "depends_on": [
                        "aws_instance.bastion_1a"
                    ],
                    "primary": {
                        "id": "eipalloc-0fe560cc12a3edcbf",
                        "attributes": {
                            "association_id": "eipassoc-03351dce858db9825",
                            "domain": "vpc",
                            "id": "eipalloc-0fe560cc12a3edcbf",
                            "instance": "i-02c77cde1ddec0a01",
                            "network_interface": "eni-02e46246b840d2021",
                            "private_dns": "ip-17-0-1-188.ap-northeast-1.compute.internal",
                            "private_ip": "17.0.1.188",
                            "public_dns": "ec2-54-65-32-219.ap-northeast-1.compute.amazonaws.com",
                            "public_ip": "54.65.32.219",
                            "public_ipv4_pool": "amazon",
                            "tags.%": "0",
                            "vpc": "true"
                        },
                        "meta": {
                            "e2bfb730-ecaa-11e6-8f88-34363bc7c4c0": {
                                "delete": 180000000000,
                                "read": 900000000000,
                                "update": 300000000000
                            }
                        },
                        "tainted": false
                    },
                    "deposed": [],
                    "provider": "provider.aws"
                },
                "aws_eip.nat_dev_1a": {
                    "type": "aws_eip",
                    "depends_on": [],
                    "primary": {
                        "id": "eipalloc-01bdf32af30956af1",
                        "attributes": {
                            "association_id": "",
                            "domain": "vpc",
                            "id": "eipalloc-01bdf32af30956af1",
                            "instance": "",
                            "network_interface": "",
                            "private_ip": "",
                            "public_dns": "ec2-18-182-212-14.ap-northeast-1.compute.amazonaws.com",
                            "public_ip": "18.182.212.14",
                            "public_ipv4_pool": "amazon",
                            "tags.%": "0",
                            "vpc": "true"
                        },
                        "meta": {
                            "e2bfb730-ecaa-11e6-8f88-34363bc7c4c0": {
                                "delete": 180000000000,
                                "read": 900000000000,
                                "update": 300000000000
                            }
                        },
                        "tainted": false
                    },
                    "deposed": [],
                    "provider": "provider.aws"
                },
                "aws_eip.nat_dev_1c": {
                    "type": "aws_eip",
                    "depends_on": [],
                    "primary": {
                        "id": "eipalloc-01bcf4c72cb80505f",
                        "attributes": {
                            "association_id": "",
                            "domain": "vpc",
                            "id": "eipalloc-01bcf4c72cb80505f",
                            "instance": "",
                            "network_interface": "",
                            "private_ip": "",
                            "public_dns": "ec2-52-192-198-122.ap-northeast-1.compute.amazonaws.com",
                            "public_ip": "52.192.198.122",
                            "public_ipv4_pool": "amazon",
                            "tags.%": "0",
                            "vpc": "true"
                        },
                        "meta": {
                            "e2bfb730-ecaa-11e6-8f88-34363bc7c4c0": {
                                "delete": 180000000000,
                                "read": 900000000000,
                                "update": 300000000000
                            }
                        },
                        "tainted": false
                    },
                    "deposed": [],
                    "provider": "provider.aws"
                },
                "aws_instance.bastion_1a": {
                    "type": "aws_instance",
                    "depends_on": [
                        "aws_default_security_group.dev_default",
                        "aws_security_group.bastion",
                        "aws_subnet.public_1a"
                    ],
                    "primary": {
                        "id": "i-02c77cde1ddec0a01",
                        "attributes": {
                            "ami": "ami-0f9ae750e8274075b",
                            "arn": "arn:aws:ec2:ap-northeast-1:715652651898:instance/i-02c77cde1ddec0a01",
                            "associate_public_ip_address": "true",
                            "availability_zone": "ap-northeast-1a",
                            "cpu_core_count": "1",
                            "cpu_threads_per_core": "1",
                            "credit_specification.#": "1",
                            "credit_specification.0.cpu_credits": "standard",
                            "disable_api_termination": "false",
                            "ebs_block_device.#": "0",
                            "ebs_optimized": "false",
                            "ephemeral_block_device.#": "0",
                            "get_password_data": "false",
                            "iam_instance_profile": "",
                            "id": "i-02c77cde1ddec0a01",
                            "instance_state": "running",
                            "instance_type": "t2.nano",
                            "ipv6_addresses.#": "0",
                            "key_name": "deployer-key",
                            "monitoring": "false",
                            "network_interface.#": "0",
                            "password_data": "",
                            "placement_group": "",
                            "primary_network_interface_id": "eni-02e46246b840d2021",
                            "private_dns": "ip-17-0-1-188.ap-northeast-1.compute.internal",
                            "private_ip": "17.0.1.188",
                            "public_dns": "ec2-54-65-32-219.ap-northeast-1.compute.amazonaws.com",
                            "public_ip": "54.65.32.219",
                            "root_block_device.#": "1",
                            "root_block_device.0.delete_on_termination": "true",
                            "root_block_device.0.iops": "100",
                            "root_block_device.0.volume_id": "vol-0480275ba96b5ceda",
                            "root_block_device.0.volume_size": "8",
                            "root_block_device.0.volume_type": "gp2",
                            "security_groups.#": "0",
                            "source_dest_check": "true",
                            "subnet_id": "subnet-0df842b5575d94d16",
                            "tags.%": "1",
                            "tags.Name": "bastion-1a",
                            "tenancy": "default",
                            "volume_tags.%": "0",
                            "vpc_security_group_ids.#": "2",
                            "vpc_security_group_ids.2394557706": "sg-0a64d6abb6f2b9b72",
                            "vpc_security_group_ids.319224740": "sg-005b21a38383bfb1f"
                        },
                        "meta": {
                            "e2bfb730-ecaa-11e6-8f88-34363bc7c4c0": {
                                "create": 600000000000,
                                "delete": 1200000000000,
                                "update": 600000000000
                            },
                            "schema_version": "1"
                        },
                        "tainted": false
                    },
                    "deposed": [],
                    "provider": "provider.aws"
                },
                "aws_internet_gateway.dev": {
                    "type": "aws_internet_gateway",
                    "depends_on": [
                        "aws_vpc.dev"
                    ],
                    "primary": {
                        "id": "igw-0f43ffaa51b3e2498",
                        "attributes": {
                            "id": "igw-0f43ffaa51b3e2498",
                            "owner_id": "715652651898",
                            "tags.%": "1",
                            "tags.Name": "dev",
                            "vpc_id": "vpc-03ec9d3c1cf67d8dc"
                        },
                        "meta": {},
                        "tainted": false
                    },
                    "deposed": [],
                    "provider": "provider.aws"
                },
                "aws_key_pair.deployer": {
                    "type": "aws_key_pair",
                    "depends_on": [],
                    "primary": {
                        "id": "deployer-key",
                        "attributes": {
                            "fingerprint": "f9:90:b4:8a:f1:9d:63:b6:ca:cd:a9:2f:39:69:d3:1b",
                            "id": "deployer-key",
                            "key_name": "deployer-key",
                            "public_key": "ssh-rsa AAAAB3NzaC1yc2EAAAADAQABAAABAQCYYbJJAzjlxt/sdZEwEtCA/5wlwXZgJI6KU8vUOH9mJtiXv/z7nW/3meJTLT/bFAjSJoEozFR1WZnM0TI/YQxxfDV0NUbi5iTL1A96H8MLxq1sRTY8FVfxNorUDVTCbB5UUWTVwkkjKUCk2qKZhAJZeySFBSWG7K/01AIoBr3qqnFJDyS7eMTiI1xWwF95Di6UCqF0cqD1+jweY5cv4QgHTG/4K3ZsQoEt0oTCXtuf7PhLwGcuxeodypOZW9vuySAoawhh7c9so6q6DP8qQadYcvvnk/gNlH1s52sHdD8ZEP24HPmbyZasUwBCwYAdHdZ8VKQ4RWpglmGiDqyJoQzN user17@cc-aaa593a6-5c5648554d-ggl8g"
                        },
                        "meta": {
                            "schema_version": "1"
                        },
                        "tainted": false
                    },
                    "deposed": [],
                    "provider": "provider.aws"
                },
                "aws_route_table.dev_public": {
                    "type": "aws_route_table",
                    "depends_on": [
                        "aws_internet_gateway.dev",
                        "aws_vpc.dev"
                    ],
                    "primary": {
                        "id": "rtb-0370b65c85a0fa34b",
                        "attributes": {
                            "id": "rtb-0370b65c85a0fa34b",
                            "owner_id": "715652651898",
                            "propagating_vgws.#": "0",
                            "route.#": "1",
                            "route.3761285489.cidr_block": "0.0.0.0/0",
                            "route.3761285489.egress_only_gateway_id": "",
                            "route.3761285489.gateway_id": "igw-0f43ffaa51b3e2498",
                            "route.3761285489.instance_id": "",
                            "route.3761285489.ipv6_cidr_block": "",
                            "route.3761285489.nat_gateway_id": "",
                            "route.3761285489.network_interface_id": "",
                            "route.3761285489.transit_gateway_id": "",
                            "route.3761285489.vpc_peering_connection_id": "",
                            "tags.%": "1",
                            "tags.Name": "dev-public",
                            "vpc_id": "vpc-03ec9d3c1cf67d8dc"
                        },
                        "meta": {},
                        "tainted": false
                    },
                    "deposed": [],
                    "provider": "provider.aws"
                },
                "aws_route_table_association.dev_public_1a": {
                    "type": "aws_route_table_association",
                    "depends_on": [
                        "aws_route_table.dev_public",
                        "aws_subnet.public_1a"
                    ],
                    "primary": {
                        "id": "rtbassoc-001d935e8d2a65a46",
                        "attributes": {
                            "id": "rtbassoc-001d935e8d2a65a46",
                            "route_table_id": "rtb-0370b65c85a0fa34b",
                            "subnet_id": "subnet-0df842b5575d94d16"
                        },
                        "meta": {},
                        "tainted": false
                    },
                    "deposed": [],
                    "provider": "provider.aws"
                },
                "aws_route_table_association.dev_public_1c": {
                    "type": "aws_route_table_association",
                    "depends_on": [
                        "aws_route_table.dev_public",
                        "aws_subnet.public_1c"
                    ],
                    "primary": {
                        "id": "rtbassoc-05489389297402383",
                        "attributes": {
                            "id": "rtbassoc-05489389297402383",
                            "route_table_id": "rtb-0370b65c85a0fa34b",
                            "subnet_id": "subnet-096e4bb023a3c723f"
                        },
                        "meta": {},
                        "tainted": false
                    },
                    "deposed": [],
                    "provider": "provider.aws"
                },
                "aws_security_group.bastion": {
                    "type": "aws_security_group",
                    "depends_on": [
                        "aws_vpc.dev"
                    ],
                    "primary": {
                        "id": "sg-0a64d6abb6f2b9b72",
                        "attributes": {
                            "arn": "arn:aws:ec2:ap-northeast-1:715652651898:security-group/sg-0a64d6abb6f2b9b72",
                            "description": "open ssh port for bastion",
                            "egress.#": "1",
                            "egress.482069346.cidr_blocks.#": "1",
                            "egress.482069346.cidr_blocks.0": "0.0.0.0/0",
                            "egress.482069346.description": "",
                            "egress.482069346.from_port": "0",
                            "egress.482069346.ipv6_cidr_blocks.#": "0",
                            "egress.482069346.prefix_list_ids.#": "0",
                            "egress.482069346.protocol": "-1",
                            "egress.482069346.security_groups.#": "0",
                            "egress.482069346.self": "false",
                            "egress.482069346.to_port": "0",
                            "id": "sg-0a64d6abb6f2b9b72",
                            "ingress.#": "1",
                            "ingress.2541437006.cidr_blocks.#": "1",
                            "ingress.2541437006.cidr_blocks.0": "0.0.0.0/0",
                            "ingress.2541437006.description": "",
                            "ingress.2541437006.from_port": "22",
                            "ingress.2541437006.ipv6_cidr_blocks.#": "0",
                            "ingress.2541437006.prefix_list_ids.#": "0",
                            "ingress.2541437006.protocol": "tcp",
                            "ingress.2541437006.security_groups.#": "0",
                            "ingress.2541437006.self": "false",
                            "ingress.2541437006.to_port": "22",
                            "name": "bastion",
                            "owner_id": "715652651898",
                            "revoke_rules_on_delete": "false",
                            "tags.%": "1",
                            "tags.Name": "bastion",
                            "vpc_id": "vpc-03ec9d3c1cf67d8dc"
                        },
                        "meta": {
                            "e2bfb730-ecaa-11e6-8f88-34363bc7c4c0": {
                                "create": 600000000000,
                                "delete": 600000000000
                            },
                            "schema_version": "1"
                        },
                        "tainted": false
                    },
                    "deposed": [],
                    "provider": "provider.aws"
                },
                "aws_subnet.private_1a": {
                    "type": "aws_subnet",
                    "depends_on": [
                        "aws_vpc.dev"
                    ],
                    "primary": {
                        "id": "subnet-03d0dc13f23cf7a0b",
                        "attributes": {
                            "arn": "arn:aws:ec2:ap-northeast-1:715652651898:subnet/subnet-03d0dc13f23cf7a0b",
                            "assign_ipv6_address_on_creation": "false",
                            "availability_zone": "ap-northeast-1a",
                            "availability_zone_id": "apne1-az4",
                            "cidr_block": "17.0.101.0/24",
                            "id": "subnet-03d0dc13f23cf7a0b",
                            "ipv6_cidr_block": "",
                            "ipv6_cidr_block_association_id": "",
                            "map_public_ip_on_launch": "false",
                            "owner_id": "715652651898",
                            "tags.%": "1",
                            "tags.Name": "private-1a",
                            "vpc_id": "vpc-03ec9d3c1cf67d8dc"
                        },
                        "meta": {
                            "e2bfb730-ecaa-11e6-8f88-34363bc7c4c0": {
                                "create": 600000000000,
                                "delete": 600000000000
                            },
                            "schema_version": "1"
                        },
                        "tainted": false
                    },
                    "deposed": [],
                    "provider": "provider.aws"
                },
                "aws_subnet.private_1c": {
                    "type": "aws_subnet",
                    "depends_on": [
                        "aws_vpc.dev"
                    ],
                    "primary": {
                        "id": "subnet-00599a05fa8348e61",
                        "attributes": {
                            "arn": "arn:aws:ec2:ap-northeast-1:715652651898:subnet/subnet-00599a05fa8348e61",
                            "assign_ipv6_address_on_creation": "false",
                            "availability_zone": "ap-northeast-1c",
                            "availability_zone_id": "apne1-az1",
                            "cidr_block": "17.0.102.0/24",
                            "id": "subnet-00599a05fa8348e61",
                            "ipv6_cidr_block": "",
                            "ipv6_cidr_block_association_id": "",
                            "map_public_ip_on_launch": "false",
                            "owner_id": "715652651898",
                            "tags.%": "1",
                            "tags.Name": "private-1c",
                            "vpc_id": "vpc-03ec9d3c1cf67d8dc"
                        },
                        "meta": {
                            "e2bfb730-ecaa-11e6-8f88-34363bc7c4c0": {
                                "create": 600000000000,
                                "delete": 600000000000
                            },
                            "schema_version": "1"
                        },
                        "tainted": false
                    },
                    "deposed": [],
                    "provider": "provider.aws"
                },
                "aws_subnet.public_1a": {
                    "type": "aws_subnet",
                    "depends_on": [
                        "aws_vpc.dev"
                    ],
                    "primary": {
                        "id": "subnet-0df842b5575d94d16",
                        "attributes": {
                            "arn": "arn:aws:ec2:ap-northeast-1:715652651898:subnet/subnet-0df842b5575d94d16",
                            "assign_ipv6_address_on_creation": "false",
                            "availability_zone": "ap-northeast-1a",
                            "availability_zone_id": "apne1-az4",
                            "cidr_block": "17.0.1.0/24",
                            "id": "subnet-0df842b5575d94d16",
                            "ipv6_cidr_block": "",
                            "ipv6_cidr_block_association_id": "",
                            "map_public_ip_on_launch": "false",
                            "owner_id": "715652651898",
                            "tags.%": "1",
                            "tags.Name": "public-1a",
                            "vpc_id": "vpc-03ec9d3c1cf67d8dc"
                        },
                        "meta": {
                            "e2bfb730-ecaa-11e6-8f88-34363bc7c4c0": {
                                "create": 600000000000,
                                "delete": 600000000000
                            },
                            "schema_version": "1"
                        },
                        "tainted": false
                    },
                    "deposed": [],
                    "provider": "provider.aws"
                },
                "aws_subnet.public_1c": {
                    "type": "aws_subnet",
                    "depends_on": [
                        "aws_vpc.dev"
                    ],
                    "primary": {
                        "id": "subnet-096e4bb023a3c723f",
                        "attributes": {
                            "arn": "arn:aws:ec2:ap-northeast-1:715652651898:subnet/subnet-096e4bb023a3c723f",
                            "assign_ipv6_address_on_creation": "false",
                            "availability_zone": "ap-northeast-1c",
                            "availability_zone_id": "apne1-az1",
                            "cidr_block": "17.0.2.0/24",
                            "id": "subnet-096e4bb023a3c723f",
                            "ipv6_cidr_block": "",
                            "ipv6_cidr_block_association_id": "",
                            "map_public_ip_on_launch": "false",
                            "owner_id": "715652651898",
                            "tags.%": "1",
                            "tags.Name": "public-1c",
                            "vpc_id": "vpc-03ec9d3c1cf67d8dc"
                        },
                        "meta": {
                            "e2bfb730-ecaa-11e6-8f88-34363bc7c4c0": {
                                "create": 600000000000,
                                "delete": 600000000000
                            },
                            "schema_version": "1"
                        },
                        "tainted": false
                    },
                    "deposed": [],
                    "provider": "provider.aws"
                },
                "aws_vpc.dev": {
                    "type": "aws_vpc",
                    "depends_on": [],
                    "primary": {
                        "id": "vpc-03ec9d3c1cf67d8dc",
                        "attributes": {
                            "arn": "arn:aws:ec2:ap-northeast-1:715652651898:vpc/vpc-03ec9d3c1cf67d8dc",
                            "assign_generated_ipv6_cidr_block": "false",
                            "cidr_block": "17.0.0.0/16",
                            "default_network_acl_id": "acl-0ea25b271850b4297",
                            "default_route_table_id": "rtb-0811061a03881a62c",
                            "default_security_group_id": "sg-005b21a38383bfb1f",
                            "dhcp_options_id": "dopt-016465633e792cfbc",
                            "enable_classiclink": "false",
                            "enable_classiclink_dns_support": "false",
                            "enable_dns_hostnames": "true",
                            "enable_dns_support": "true",
                            "id": "vpc-03ec9d3c1cf67d8dc",
                            "instance_tenancy": "default",
                            "ipv6_association_id": "",
                            "ipv6_cidr_block": "",
                            "main_route_table_id": "rtb-0811061a03881a62c",
                            "owner_id": "715652651898",
                            "tags.%": "1",
                            "tags.Name": "dev"
                        },
                        "meta": {
                            "schema_version": "1"
                        },
                        "tainted": false
                    },
                    "deposed": [],
                    "provider": "provider.aws"
                }
            },
            "depends_on": []
        }
    ]
}
